
Microsoft Visual Studio Solution File, Format Version 12.00
# Visual Studio Version 17
VisualStudioVersion = 17.10.35122.118
MinimumVisualStudioVersion = 10.0.40219.1
Project("{9A19103F-16F7-4668-BE54-9A1E7A4F7556}") = "ConsoleApp2", "ConsoleApp2\ConsoleApp2.csproj", "{41AFB338-2540-4022-AC2F-92CB0F4BC92B}"
EndProject
Project("{9A19103F-16F7-4668-BE54-9A1E7A4F7556}") = "Csharp_delegate", "Csharp_delegate\Csharp_delegate.csproj", "{9BB0DCF9-6845-4BF0-85A7-C48A2A7E074B}"
EndProject
Project("{9A19103F-16F7-4668-BE54-9A1E7A4F7556}") = "delegate", "delegate\delegate.csproj", "{094CCCF9-FFCF-4B65-A83A-75A9956532B0}"
EndProject
Project("{9A19103F-16F7-4668-BE54-9A1E7A4F7556}") = "easy_linq", "easy_linq\easy_linq.csproj", "{130735F4-8385-49BA-964C-0AD58743DAC4}"
EndProject
Project("{9A19103F-16F7-4668-BE54-9A1E7A4F7556}") = "Helper", "Helper\Helper.csproj", "{AF6F88D5-17FE-4FF7-B687-ACE6B178DA8D}"
EndProject
Project("{9A19103F-16F7-4668-BE54-9A1E7A4F7556}") = "Linq", "Linq\Linq.csproj", "{3E7B17F5-FF98-420C-B512-282B44230AD2}"
EndProject
Project("{9A19103F-16F7-4668-BE54-9A1E7A4F7556}") = "depend", "depend\depend.csproj", "{62564856-684F-447E-8293-DECE1CADF151}"
EndProject
Project("{9A19103F-16F7-4668-BE54-9A1E7A4F7556}") = "RedisDemo", "RedisDemo\RedisDemo.csproj", "{FA110B07-412E-4477-BF69-91B0E62C174C}"
EndProject
Project("{9A19103F-16F7-4668-BE54-9A1E7A4F7556}") = "MQ", "MQ\MQ.csproj", "{2E2564CC-7A98-46E8-9F42-DB3F16D76856}"
EndProject
Project("{9A19103F-16F7-4668-BE54-9A1E7A4F7556}") = "MongoDB_Test", "MongoDB_Test\MongoDB_Test.csproj", "{F9772FCD-D173-4CF2-9EC7-645DC301AEE6}"
EndProject
Project("{9A19103F-16F7-4668-BE54-9A1E7A4F7556}") = "RabbitMQ", "RabbitMQ\RabbitMQ.csproj", "{6A065538-3FB7-4CED-B49A-D6D5E5CFAB5E}"
EndProject
Project("{9A19103F-16F7-4668-BE54-9A1E7A4F7556}") = "WebApi", "WebApi\WebApi.csproj", "{30FFC7CF-9975-4248-AC87-42445D72A34E}"
EndProject
Project("{9A19103F-16F7-4668-BE54-9A1E7A4F7556}") = "MiHome", "MiHome\MiHome.csproj", "{318ED027-1D40-406E-A522-CCC0765A6441}"
EndProject
Project("{9A19103F-16F7-4668-BE54-9A1E7A4F7556}") = "TimerDelete", "TimerDelete\TimerDelete.csproj", "{5575CE54-7EB7-4D54-8BAC-DC5255A4568C}"
EndProject
Project("{9A19103F-16F7-4668-BE54-9A1E7A4F7556}") = "ConsoleApp1", "ConsoleApp1\ConsoleApp1.csproj", "{029030A3-9A24-4EDC-8373-1540981395BE}"
EndProject
Project("{9A19103F-16F7-4668-BE54-9A1E7A4F7556}") = "DiffWeb", "DiffWeb\DiffWeb.csproj", "{CE8B9840-8B21-4855-9221-C5BE9BF00558}"
EndProject
Project("{FAE04EC0-301F-11D3-BF4B-00C04F79EFBC}") = "Web Browser WPF", "Web Browser WPF\Web Browser WPF.csproj", "{7C62BE8D-E558-465C-A561-D0D0320A935E}"
EndProject
Project("{9A19103F-16F7-4668-BE54-9A1E7A4F7556}") = "基准测试1", "基准测试1\基准测试1.csproj", "{23DFB81F-3558-47B7-87A0-BC5B9D802533}"
EndProject
Project("{9A19103F-16F7-4668-BE54-9A1E7A4F7556}") = "日历计划", "日历计划\日历计划.csproj", "{44C462DB-5033-45C3-A643-25060256F4B7}"
EndProject
Project("{9A19103F-16F7-4668-BE54-9A1E7A4F7556}") = "DB", "DB\DB.csproj", "{183477F1-AA7E-4DB9-B7B5-EFEBDA30C11B}"
EndProject
Project("{9A19103F-16F7-4668-BE54-9A1E7A4F7556}") = "Scoket", "Scoket\Scoket.csproj", "{3BBB2B24-5B38-4CB5-96F7-1CB395712605}"
EndProject
Project("{9A19103F-16F7-4668-BE54-9A1E7A4F7556}") = "DapperDemo2", "DapperDemo2\DapperDemo2.csproj", "{106F1C08-FC93-4A68-9B0F-3A0086627E00}"
EndProject
Project("{9A19103F-16F7-4668-BE54-9A1E7A4F7556}") = "TimerServer", "TimerServer\TimerServer.csproj", "{D678218A-DD14-416C-AF24-884B4759441A}"
EndProject
Project("{9A19103F-16F7-4668-BE54-9A1E7A4F7556}") = "WinFormsApp1", "WinFormsApp1\WinFormsApp1.csproj", "{DDA539AA-D572-4EDC-BD11-712E3DEB919E}"
EndProject
Project("{9A19103F-16F7-4668-BE54-9A1E7A4F7556}") = "LoggerDemo", "LoggerDemo\LoggerDemo.csproj", "{2A7EB73F-4A00-41DA-B67A-1C7FEA286DCE}"
EndProject
Project("{FAE04EC0-301F-11D3-BF4B-00C04F79EFBC}") = "Csharp_learn", "Csharp_learn\Csharp_learn.csproj", "{864A2985-0DBC-4140-9795-45681D81BB93}"
EndProject
Global
	GlobalSection(SolutionConfigurationPlatforms) = preSolution
		Debug|Any CPU = Debug|Any CPU
		Debug|x64 = Debug|x64
		Release|Any CPU = Release|Any CPU
		Release|x64 = Release|x64
	EndGlobalSection
	GlobalSection(ProjectConfigurationPlatforms) = postSolution
		{41AFB338-2540-4022-AC2F-92CB0F4BC92B}.Debug|Any CPU.ActiveCfg = Debug|Any CPU
		{41AFB338-2540-4022-AC2F-92CB0F4BC92B}.Debug|Any CPU.Build.0 = Debug|Any CPU
		{41AFB338-2540-4022-AC2F-92CB0F4BC92B}.Debug|x64.ActiveCfg = Debug|Any CPU
		{41AFB338-2540-4022-AC2F-92CB0F4BC92B}.Debug|x64.Build.0 = Debug|Any CPU
		{41AFB338-2540-4022-AC2F-92CB0F4BC92B}.Release|Any CPU.ActiveCfg = Release|Any CPU
		{41AFB338-2540-4022-AC2F-92CB0F4BC92B}.Release|Any CPU.Build.0 = Release|Any CPU
		{41AFB338-2540-4022-AC2F-92CB0F4BC92B}.Release|x64.ActiveCfg = Release|Any CPU
		{41AFB338-2540-4022-AC2F-92CB0F4BC92B}.Release|x64.Build.0 = Release|Any CPU
		{9BB0DCF9-6845-4BF0-85A7-C48A2A7E074B}.Debug|Any CPU.ActiveCfg = Debug|Any CPU
		{9BB0DCF9-6845-4BF0-85A7-C48A2A7E074B}.Debug|Any CPU.Build.0 = Debug|Any CPU
		{9BB0DCF9-6845-4BF0-85A7-C48A2A7E074B}.Debug|x64.ActiveCfg = Debug|Any CPU
		{9BB0DCF9-6845-4BF0-85A7-C48A2A7E074B}.Debug|x64.Build.0 = Debug|Any CPU
		{9BB0DCF9-6845-4BF0-85A7-C48A2A7E074B}.Release|Any CPU.ActiveCfg = Release|Any CPU
		{9BB0DCF9-6845-4BF0-85A7-C48A2A7E074B}.Release|Any CPU.Build.0 = Release|Any CPU
		{9BB0DCF9-6845-4BF0-85A7-C48A2A7E074B}.Release|x64.ActiveCfg = Release|Any CPU
		{9BB0DCF9-6845-4BF0-85A7-C48A2A7E074B}.Release|x64.Build.0 = Release|Any CPU
		{094CCCF9-FFCF-4B65-A83A-75A9956532B0}.Debug|Any CPU.ActiveCfg = Debug|Any CPU
		{094CCCF9-FFCF-4B65-A83A-75A9956532B0}.Debug|Any CPU.Build.0 = Debug|Any CPU
		{094CCCF9-FFCF-4B65-A83A-75A9956532B0}.Debug|x64.ActiveCfg = Debug|Any CPU
		{094CCCF9-FFCF-4B65-A83A-75A9956532B0}.Debug|x64.Build.0 = Debug|Any CPU
		{094CCCF9-FFCF-4B65-A83A-75A9956532B0}.Release|Any CPU.ActiveCfg = Release|Any CPU
		{094CCCF9-FFCF-4B65-A83A-75A9956532B0}.Release|Any CPU.Build.0 = Release|Any CPU
		{094CCCF9-FFCF-4B65-A83A-75A9956532B0}.Release|x64.ActiveCfg = Release|Any CPU
		{094CCCF9-FFCF-4B65-A83A-75A9956532B0}.Release|x64.Build.0 = Release|Any CPU
		{130735F4-8385-49BA-964C-0AD58743DAC4}.Debug|Any CPU.ActiveCfg = Debug|Any CPU
		{130735F4-8385-49BA-964C-0AD58743DAC4}.Debug|Any CPU.Build.0 = Debug|Any CPU
		{130735F4-8385-49BA-964C-0AD58743DAC4}.Debug|x64.ActiveCfg = Debug|Any CPU
		{130735F4-8385-49BA-964C-0AD58743DAC4}.Debug|x64.Build.0 = Debug|Any CPU
		{130735F4-8385-49BA-964C-0AD58743DAC4}.Release|Any CPU.ActiveCfg = Release|Any CPU
		{130735F4-8385-49BA-964C-0AD58743DAC4}.Release|Any CPU.Build.0 = Release|Any CPU
		{130735F4-8385-49BA-964C-0AD58743DAC4}.Release|x64.ActiveCfg = Release|Any CPU
		{130735F4-8385-49BA-964C-0AD58743DAC4}.Release|x64.Build.0 = Release|Any CPU
		{AF6F88D5-17FE-4FF7-B687-ACE6B178DA8D}.Debug|Any CPU.ActiveCfg = Debug|Any CPU
		{AF6F88D5-17FE-4FF7-B687-ACE6B178DA8D}.Debug|Any CPU.Build.0 = Debug|Any CPU
		{AF6F88D5-17FE-4FF7-B687-ACE6B178DA8D}.Debug|x64.ActiveCfg = Debug|Any CPU
		{AF6F88D5-17FE-4FF7-B687-ACE6B178DA8D}.Debug|x64.Build.0 = Debug|Any CPU
		{AF6F88D5-17FE-4FF7-B687-ACE6B178DA8D}.Release|Any CPU.ActiveCfg = Release|Any CPU
		{AF6F88D5-17FE-4FF7-B687-ACE6B178DA8D}.Release|Any CPU.Build.0 = Release|Any CPU
		{AF6F88D5-17FE-4FF7-B687-ACE6B178DA8D}.Release|x64.ActiveCfg = Release|Any CPU
		{AF6F88D5-17FE-4FF7-B687-ACE6B178DA8D}.Release|x64.Build.0 = Release|Any CPU
		{3E7B17F5-FF98-420C-B512-282B44230AD2}.Debug|Any CPU.ActiveCfg = Debug|Any CPU
		{3E7B17F5-FF98-420C-B512-282B44230AD2}.Debug|Any CPU.Build.0 = Debug|Any CPU
		{3E7B17F5-FF98-420C-B512-282B44230AD2}.Debug|x64.ActiveCfg = Debug|Any CPU
		{3E7B17F5-FF98-420C-B512-282B44230AD2}.Debug|x64.Build.0 = Debug|Any CPU
		{3E7B17F5-FF98-420C-B512-282B44230AD2}.Release|Any CPU.ActiveCfg = Release|Any CPU
		{3E7B17F5-FF98-420C-B512-282B44230AD2}.Release|Any CPU.Build.0 = Release|Any CPU
		{3E7B17F5-FF98-420C-B512-282B44230AD2}.Release|x64.ActiveCfg = Release|Any CPU
		{3E7B17F5-FF98-420C-B512-282B44230AD2}.Release|x64.Build.0 = Release|Any CPU
		{62564856-684F-447E-8293-DECE1CADF151}.Debug|Any CPU.ActiveCfg = Debug|Any CPU
		{62564856-684F-447E-8293-DECE1CADF151}.Debug|Any CPU.Build.0 = Debug|Any CPU
		{62564856-684F-447E-8293-DECE1CADF151}.Debug|x64.ActiveCfg = Debug|Any CPU
		{62564856-684F-447E-8293-DECE1CADF151}.Debug|x64.Build.0 = Debug|Any CPU
		{62564856-684F-447E-8293-DECE1CADF151}.Release|Any CPU.ActiveCfg = Release|Any CPU
		{62564856-684F-447E-8293-DECE1CADF151}.Release|Any CPU.Build.0 = Release|Any CPU
		{62564856-684F-447E-8293-DECE1CADF151}.Release|x64.ActiveCfg = Release|Any CPU
		{62564856-684F-447E-8293-DECE1CADF151}.Release|x64.Build.0 = Release|Any CPU
		{FA110B07-412E-4477-BF69-91B0E62C174C}.Debug|Any CPU.ActiveCfg = Debug|Any CPU
		{FA110B07-412E-4477-BF69-91B0E62C174C}.Debug|Any CPU.Build.0 = Debug|Any CPU
		{FA110B07-412E-4477-BF69-91B0E62C174C}.Debug|x64.ActiveCfg = Debug|Any CPU
		{FA110B07-412E-4477-BF69-91B0E62C174C}.Debug|x64.Build.0 = Debug|Any CPU
		{FA110B07-412E-4477-BF69-91B0E62C174C}.Release|Any CPU.ActiveCfg = Release|Any CPU
		{FA110B07-412E-4477-BF69-91B0E62C174C}.Release|Any CPU.Build.0 = Release|Any CPU
		{FA110B07-412E-4477-BF69-91B0E62C174C}.Release|x64.ActiveCfg = Release|Any CPU
		{FA110B07-412E-4477-BF69-91B0E62C174C}.Release|x64.Build.0 = Release|Any CPU
		{2E2564CC-7A98-46E8-9F42-DB3F16D76856}.Debug|Any CPU.ActiveCfg = Debug|Any CPU
		{2E2564CC-7A98-46E8-9F42-DB3F16D76856}.Debug|Any CPU.Build.0 = Debug|Any CPU
		{2E2564CC-7A98-46E8-9F42-DB3F16D76856}.Debug|x64.ActiveCfg = Debug|Any CPU
		{2E2564CC-7A98-46E8-9F42-DB3F16D76856}.Debug|x64.Build.0 = Debug|Any CPU
		{2E2564CC-7A98-46E8-9F42-DB3F16D76856}.Release|Any CPU.ActiveCfg = Release|Any CPU
		{2E2564CC-7A98-46E8-9F42-DB3F16D76856}.Release|Any CPU.Build.0 = Release|Any CPU
		{2E2564CC-7A98-46E8-9F42-DB3F16D76856}.Release|x64.ActiveCfg = Release|Any CPU
		{2E2564CC-7A98-46E8-9F42-DB3F16D76856}.Release|x64.Build.0 = Release|Any CPU
		{F9772FCD-D173-4CF2-9EC7-645DC301AEE6}.Debug|Any CPU.ActiveCfg = Debug|Any CPU
		{F9772FCD-D173-4CF2-9EC7-645DC301AEE6}.Debug|Any CPU.Build.0 = Debug|Any CPU
		{F9772FCD-D173-4CF2-9EC7-645DC301AEE6}.Debug|x64.ActiveCfg = Debug|Any CPU
		{F9772FCD-D173-4CF2-9EC7-645DC301AEE6}.Debug|x64.Build.0 = Debug|Any CPU
		{F9772FCD-D173-4CF2-9EC7-645DC301AEE6}.Release|Any CPU.ActiveCfg = Release|Any CPU
		{F9772FCD-D173-4CF2-9EC7-645DC301AEE6}.Release|Any CPU.Build.0 = Release|Any CPU
		{F9772FCD-D173-4CF2-9EC7-645DC301AEE6}.Release|x64.ActiveCfg = Release|Any CPU
		{F9772FCD-D173-4CF2-9EC7-645DC301AEE6}.Release|x64.Build.0 = Release|Any CPU
		{6A065538-3FB7-4CED-B49A-D6D5E5CFAB5E}.Debug|Any CPU.ActiveCfg = Debug|Any CPU
		{6A065538-3FB7-4CED-B49A-D6D5E5CFAB5E}.Debug|Any CPU.Build.0 = Debug|Any CPU
		{6A065538-3FB7-4CED-B49A-D6D5E5CFAB5E}.Debug|x64.ActiveCfg = Debug|Any CPU
		{6A065538-3FB7-4CED-B49A-D6D5E5CFAB5E}.Debug|x64.Build.0 = Debug|Any CPU
		{6A065538-3FB7-4CED-B49A-D6D5E5CFAB5E}.Release|Any CPU.ActiveCfg = Release|Any CPU
		{6A065538-3FB7-4CED-B49A-D6D5E5CFAB5E}.Release|Any CPU.Build.0 = Release|Any CPU
		{6A065538-3FB7-4CED-B49A-D6D5E5CFAB5E}.Release|x64.ActiveCfg = Release|Any CPU
		{6A065538-3FB7-4CED-B49A-D6D5E5CFAB5E}.Release|x64.Build.0 = Release|Any CPU
		{30FFC7CF-9975-4248-AC87-42445D72A34E}.Debug|Any CPU.ActiveCfg = Debug|Any CPU
		{30FFC7CF-9975-4248-AC87-42445D72A34E}.Debug|Any CPU.Build.0 = Debug|Any CPU
		{30FFC7CF-9975-4248-AC87-42445D72A34E}.Debug|x64.ActiveCfg = Debug|Any CPU
		{30FFC7CF-9975-4248-AC87-42445D72A34E}.Debug|x64.Build.0 = Debug|Any CPU
		{30FFC7CF-9975-4248-AC87-42445D72A34E}.Release|Any CPU.ActiveCfg = Release|Any CPU
		{30FFC7CF-9975-4248-AC87-42445D72A34E}.Release|Any CPU.Build.0 = Release|Any CPU
		{30FFC7CF-9975-4248-AC87-42445D72A34E}.Release|x64.ActiveCfg = Release|Any CPU
		{30FFC7CF-9975-4248-AC87-42445D72A34E}.Release|x64.Build.0 = Release|Any CPU
		{318ED027-1D40-406E-A522-CCC0765A6441}.Debug|Any CPU.ActiveCfg = Debug|Any CPU
		{318ED027-1D40-406E-A522-CCC0765A6441}.Debug|Any CPU.Build.0 = Debug|Any CPU
		{318ED027-1D40-406E-A522-CCC0765A6441}.Debug|x64.ActiveCfg = Debug|Any CPU
		{318ED027-1D40-406E-A522-CCC0765A6441}.Debug|x64.Build.0 = Debug|Any CPU
		{318ED027-1D40-406E-A522-CCC0765A6441}.Release|Any CPU.ActiveCfg = Release|Any CPU
		{318ED027-1D40-406E-A522-CCC0765A6441}.Release|Any CPU.Build.0 = Release|Any CPU
		{318ED027-1D40-406E-A522-CCC0765A6441}.Release|x64.ActiveCfg = Release|Any CPU
		{318ED027-1D40-406E-A522-CCC0765A6441}.Release|x64.Build.0 = Release|Any CPU
		{5575CE54-7EB7-4D54-8BAC-DC5255A4568C}.Debug|Any CPU.ActiveCfg = Debug|Any CPU
		{5575CE54-7EB7-4D54-8BAC-DC5255A4568C}.Debug|Any CPU.Build.0 = Debug|Any CPU
		{5575CE54-7EB7-4D54-8BAC-DC5255A4568C}.Debug|x64.ActiveCfg = Debug|Any CPU
		{5575CE54-7EB7-4D54-8BAC-DC5255A4568C}.Debug|x64.Build.0 = Debug|Any CPU
		{5575CE54-7EB7-4D54-8BAC-DC5255A4568C}.Release|Any CPU.ActiveCfg = Release|Any CPU
		{5575CE54-7EB7-4D54-8BAC-DC5255A4568C}.Release|Any CPU.Build.0 = Release|Any CPU
		{5575CE54-7EB7-4D54-8BAC-DC5255A4568C}.Release|x64.ActiveCfg = Release|Any CPU
		{5575CE54-7EB7-4D54-8BAC-DC5255A4568C}.Release|x64.Build.0 = Release|Any CPU
		{029030A3-9A24-4EDC-8373-1540981395BE}.Debug|Any CPU.ActiveCfg = Debug|Any CPU
		{029030A3-9A24-4EDC-8373-1540981395BE}.Debug|Any CPU.Build.0 = Debug|Any CPU
		{029030A3-9A24-4EDC-8373-1540981395BE}.Debug|x64.ActiveCfg = Debug|Any CPU
		{029030A3-9A24-4EDC-8373-1540981395BE}.Debug|x64.Build.0 = Debug|Any CPU
		{029030A3-9A24-4EDC-8373-1540981395BE}.Release|Any CPU.ActiveCfg = Release|Any CPU
		{029030A3-9A24-4EDC-8373-1540981395BE}.Release|Any CPU.Build.0 = Release|Any CPU
		{029030A3-9A24-4EDC-8373-1540981395BE}.Release|x64.ActiveCfg = Release|Any CPU
		{029030A3-9A24-4EDC-8373-1540981395BE}.Release|x64.Build.0 = Release|Any CPU
		{CE8B9840-8B21-4855-9221-C5BE9BF00558}.Debug|Any CPU.ActiveCfg = Debug|Any CPU
		{CE8B9840-8B21-4855-9221-C5BE9BF00558}.Debug|Any CPU.Build.0 = Debug|Any CPU
		{CE8B9840-8B21-4855-9221-C5BE9BF00558}.Debug|x64.ActiveCfg = Debug|Any CPU
		{CE8B9840-8B21-4855-9221-C5BE9BF00558}.Debug|x64.Build.0 = Debug|Any CPU
		{CE8B9840-8B21-4855-9221-C5BE9BF00558}.Release|Any CPU.ActiveCfg = Release|Any CPU
		{CE8B9840-8B21-4855-9221-C5BE9BF00558}.Release|Any CPU.Build.0 = Release|Any CPU
		{CE8B9840-8B21-4855-9221-C5BE9BF00558}.Release|x64.ActiveCfg = Release|Any CPU
		{CE8B9840-8B21-4855-9221-C5BE9BF00558}.Release|x64.Build.0 = Release|Any CPU
		{7C62BE8D-E558-465C-A561-D0D0320A935E}.Debug|Any CPU.ActiveCfg = Debug|Any CPU
		{7C62BE8D-E558-465C-A561-D0D0320A935E}.Debug|Any CPU.Build.0 = Debug|Any CPU
		{7C62BE8D-E558-465C-A561-D0D0320A935E}.Debug|x64.ActiveCfg = Debug|x64
		{7C62BE8D-E558-465C-A561-D0D0320A935E}.Debug|x64.Build.0 = Debug|x64
		{7C62BE8D-E558-465C-A561-D0D0320A935E}.Release|Any CPU.ActiveCfg = Release|Any CPU
		{7C62BE8D-E558-465C-A561-D0D0320A935E}.Release|Any CPU.Build.0 = Release|Any CPU
		{7C62BE8D-E558-465C-A561-D0D0320A935E}.Release|x64.ActiveCfg = Release|x64
		{7C62BE8D-E558-465C-A561-D0D0320A935E}.Release|x64.Build.0 = Release|x64
		{23DFB81F-3558-47B7-87A0-BC5B9D802533}.Debug|Any CPU.ActiveCfg = Debug|Any CPU
		{23DFB81F-3558-47B7-87A0-BC5B9D802533}.Debug|Any CPU.Build.0 = Debug|Any CPU
		{23DFB81F-3558-47B7-87A0-BC5B9D802533}.Debug|x64.ActiveCfg = Debug|Any CPU
		{23DFB81F-3558-47B7-87A0-BC5B9D802533}.Debug|x64.Build.0 = Debug|Any CPU
		{23DFB81F-3558-47B7-87A0-BC5B9D802533}.Release|Any CPU.ActiveCfg = Release|Any CPU
		{23DFB81F-3558-47B7-87A0-BC5B9D802533}.Release|Any CPU.Build.0 = Release|Any CPU
		{23DFB81F-3558-47B7-87A0-BC5B9D802533}.Release|x64.ActiveCfg = Release|Any CPU
		{23DFB81F-3558-47B7-87A0-BC5B9D802533}.Release|x64.Build.0 = Release|Any CPU
		{44C462DB-5033-45C3-A643-25060256F4B7}.Debug|Any CPU.ActiveCfg = Debug|Any CPU
		{44C462DB-5033-45C3-A643-25060256F4B7}.Debug|Any CPU.Build.0 = Debug|Any CPU
		{44C462DB-5033-45C3-A643-25060256F4B7}.Debug|x64.ActiveCfg = Debug|Any CPU
		{44C462DB-5033-45C3-A643-25060256F4B7}.Debug|x64.Build.0 = Debug|Any CPU
		{44C462DB-5033-45C3-A643-25060256F4B7}.Release|Any CPU.ActiveCfg = Release|Any CPU
		{44C462DB-5033-45C3-A643-25060256F4B7}.Release|Any CPU.Build.0 = Release|Any CPU
		{44C462DB-5033-45C3-A643-25060256F4B7}.Release|x64.ActiveCfg = Release|Any CPU
		{44C462DB-5033-45C3-A643-25060256F4B7}.Release|x64.Build.0 = Release|Any CPU
		{183477F1-AA7E-4DB9-B7B5-EFEBDA30C11B}.Debug|Any CPU.ActiveCfg = Debug|Any CPU
		{183477F1-AA7E-4DB9-B7B5-EFEBDA30C11B}.Debug|Any CPU.Build.0 = Debug|Any CPU
		{183477F1-AA7E-4DB9-B7B5-EFEBDA30C11B}.Debug|x64.ActiveCfg = Debug|Any CPU
		{183477F1-AA7E-4DB9-B7B5-EFEBDA30C11B}.Debug|x64.Build.0 = Debug|Any CPU
		{183477F1-AA7E-4DB9-B7B5-EFEBDA30C11B}.Release|Any CPU.ActiveCfg = Release|Any CPU
		{183477F1-AA7E-4DB9-B7B5-EFEBDA30C11B}.Release|Any CPU.Build.0 = Release|Any CPU
		{183477F1-AA7E-4DB9-B7B5-EFEBDA30C11B}.Release|x64.ActiveCfg = Release|Any CPU
		{183477F1-AA7E-4DB9-B7B5-EFEBDA30C11B}.Release|x64.Build.0 = Release|Any CPU
		{3BBB2B24-5B38-4CB5-96F7-1CB395712605}.Debug|Any CPU.ActiveCfg = Debug|Any CPU
		{3BBB2B24-5B38-4CB5-96F7-1CB395712605}.Debug|Any CPU.Build.0 = Debug|Any CPU
		{3BBB2B24-5B38-4CB5-96F7-1CB395712605}.Debug|x64.ActiveCfg = Debug|Any CPU
		{3BBB2B24-5B38-4CB5-96F7-1CB395712605}.Debug|x64.Build.0 = Debug|Any CPU
		{3BBB2B24-5B38-4CB5-96F7-1CB395712605}.Release|Any CPU.ActiveCfg = Release|Any CPU
		{3BBB2B24-5B38-4CB5-96F7-1CB395712605}.Release|Any CPU.Build.0 = Release|Any CPU
		{3BBB2B24-5B38-4CB5-96F7-1CB395712605}.Release|x64.ActiveCfg = Release|Any CPU
		{3BBB2B24-5B38-4CB5-96F7-1CB395712605}.Release|x64.Build.0 = Release|Any CPU
		{106F1C08-FC93-4A68-9B0F-3A0086627E00}.Debug|Any CPU.ActiveCfg = Debug|Any CPU
		{106F1C08-FC93-4A68-9B0F-3A0086627E00}.Debug|Any CPU.Build.0 = Debug|Any CPU
		{106F1C08-FC93-4A68-9B0F-3A0086627E00}.Debug|x64.ActiveCfg = Debug|Any CPU
		{106F1C08-FC93-4A68-9B0F-3A0086627E00}.Debug|x64.Build.0 = Debug|Any CPU
		{106F1C08-FC93-4A68-9B0F-3A0086627E00}.Release|Any CPU.ActiveCfg = Release|Any CPU
		{106F1C08-FC93-4A68-9B0F-3A0086627E00}.Release|Any CPU.Build.0 = Release|Any CPU
		{106F1C08-FC93-4A68-9B0F-3A0086627E00}.Release|x64.ActiveCfg = Release|Any CPU
		{106F1C08-FC93-4A68-9B0F-3A0086627E00}.Release|x64.Build.0 = Release|Any CPU
		{D678218A-DD14-416C-AF24-884B4759441A}.Debug|Any CPU.ActiveCfg = Debug|Any CPU
		{D678218A-DD14-416C-AF24-884B4759441A}.Debug|Any CPU.Build.0 = Debug|Any CPU
		{D678218A-DD14-416C-AF24-884B4759441A}.Debug|x64.ActiveCfg = Debug|Any CPU
		{D678218A-DD14-416C-AF24-884B4759441A}.Debug|x64.Build.0 = Debug|Any CPU
		{D678218A-DD14-416C-AF24-884B4759441A}.Release|Any CPU.ActiveCfg = Release|Any CPU
		{D678218A-DD14-416C-AF24-884B4759441A}.Release|Any CPU.Build.0 = Release|Any CPU
		{D678218A-DD14-416C-AF24-884B4759441A}.Release|x64.ActiveCfg = Release|Any CPU
		{D678218A-DD14-416C-AF24-884B4759441A}.Release|x64.Build.0 = Release|Any CPU
		{DDA539AA-D572-4EDC-BD11-712E3DEB919E}.Debug|Any CPU.ActiveCfg = Debug|Any CPU
		{DDA539AA-D572-4EDC-BD11-712E3DEB919E}.Debug|Any CPU.Build.0 = Debug|Any CPU
		{DDA539AA-D572-4EDC-BD11-712E3DEB919E}.Debug|x64.ActiveCfg = Debug|Any CPU
		{DDA539AA-D572-4EDC-BD11-712E3DEB919E}.Debug|x64.Build.0 = Debug|Any CPU
		{DDA539AA-D572-4EDC-BD11-712E3DEB919E}.Release|Any CPU.ActiveCfg = Release|Any CPU
		{DDA539AA-D572-4EDC-BD11-712E3DEB919E}.Release|Any CPU.Build.0 = Release|Any CPU
		{DDA539AA-D572-4EDC-BD11-712E3DEB919E}.Release|x64.ActiveCfg = Release|Any CPU
		{DDA539AA-D572-4EDC-BD11-712E3DEB919E}.Release|x64.Build.0 = Release|Any CPU
		{2A7EB73F-4A00-41DA-B67A-1C7FEA286DCE}.Debug|Any CPU.ActiveCfg = Debug|Any CPU
		{2A7EB73F-4A00-41DA-B67A-1C7FEA286DCE}.Debug|Any CPU.Build.0 = Debug|Any CPU
		{2A7EB73F-4A00-41DA-B67A-1C7FEA286DCE}.Debug|x64.ActiveCfg = Debug|Any CPU
		{2A7EB73F-4A00-41DA-B67A-1C7FEA286DCE}.Debug|x64.Build.0 = Debug|Any CPU
		{2A7EB73F-4A00-41DA-B67A-1C7FEA286DCE}.Release|Any CPU.ActiveCfg = Release|Any CPU
		{2A7EB73F-4A00-41DA-B67A-1C7FEA286DCE}.Release|Any CPU.Build.0 = Release|Any CPU
		{2A7EB73F-4A00-41DA-B67A-1C7FEA286DCE}.Release|x64.ActiveCfg = Release|Any CPU
		{2A7EB73F-4A00-41DA-B67A-1C7FEA286DCE}.Release|x64.Build.0 = Release|Any CPU
		{864A2985-0DBC-4140-9795-45681D81BB93}.Debug|Any CPU.ActiveCfg = Debug|Any CPU
		{864A2985-0DBC-4140-9795-45681D81BB93}.Debug|Any CPU.Build.0 = Debug|Any CPU
		{864A2985-0DBC-4140-9795-45681D81BB93}.Debug|x64.ActiveCfg = Debug|Any CPU
		{864A2985-0DBC-4140-9795-45681D81BB93}.Debug|x64.Build.0 = Debug|Any CPU
		{864A2985-0DBC-4140-9795-45681D81BB93}.Release|Any CPU.ActiveCfg = Release|Any CPU
		{864A2985-0DBC-4140-9795-45681D81BB93}.Release|Any CPU.Build.0 = Release|Any CPU
		{864A2985-0DBC-4140-9795-45681D81BB93}.Release|x64.ActiveCfg = Release|Any CPU
		{864A2985-0DBC-4140-9795-45681D81BB93}.Release|x64.Build.0 = Release|Any CPU
	EndGlobalSection
	GlobalSection(SolutionProperties) = preSolution
		HideSolutionNode = FALSE
	EndGlobalSection
	GlobalSection(ExtensibilityGlobals) = postSolution
		SolutionGuid = {A3A1CCD5-4CDF-4F8B-B224-0AA2C2BD84B9}
	EndGlobalSection
EndGlobal
