
Microsoft Visual Studio Solution File, Format Version 12.00
# Visual Studio Version 17
VisualStudioVersion = 17.6.33829.357
MinimumVisualStudioVersion = 10.0.40219.1
Project("{9A19103F-16F7-4668-BE54-9A1E7A4F7556}") = "ConsoleApp2", "ConsoleApp2\ConsoleApp2.csproj", "{41AFB338-2540-4022-AC2F-92CB0F4BC92B}"
EndProject
Project("{9A19103F-16F7-4668-BE54-9A1E7A4F7556}") = "Csharp_delegate", "Csharp_delegate\Csharp_delegate.csproj", "{9BB0DCF9-6845-4BF0-85A7-C48A2A7E074B}"
EndProject
Project("{9A19103F-16F7-4668-BE54-9A1E7A4F7556}") = "delegate", "delegate\delegate.csproj", "{094CCCF9-FFCF-4B65-A83A-75A9956532B0}"
EndProject
Project("{9A19103F-16F7-4668-BE54-9A1E7A4F7556}") = "easy_linq", "easy_linq\easy_linq.csproj", "{130735F4-8385-49BA-964C-0AD58743DAC4}"
EndProject
Project("{9A19103F-16F7-4668-BE54-9A1E7A4F7556}") = "Helper", "Helper\Helper.csproj", "{AF6F88D5-17FE-4FF7-B687-ACE6B178DA8D}"
EndProject
Project("{9A19103F-16F7-4668-BE54-9A1E7A4F7556}") = "Linq", "Linq\Linq.csproj", "{3E7B17F5-FF98-420C-B512-282B44230AD2}"
EndProject
Project("{9A19103F-16F7-4668-BE54-9A1E7A4F7556}") = "depend", "depend\depend.csproj", "{62564856-684F-447E-8293-DECE1CADF151}"
EndProject
Project("{9A19103F-16F7-4668-BE54-9A1E7A4F7556}") = "RedisDemo", "RedisDemo\RedisDemo.csproj", "{FA110B07-412E-4477-BF69-91B0E62C174C}"
EndProject
Project("{9A19103F-16F7-4668-BE54-9A1E7A4F7556}") = "MQ", "MQ\MQ.csproj", "{2E2564CC-7A98-46E8-9F42-DB3F16D76856}"
EndProject
Project("{9A19103F-16F7-4668-BE54-9A1E7A4F7556}") = "MongoDB_Test", "MongoDB_Test\MongoDB_Test.csproj", "{F9772FCD-D173-4CF2-9EC7-645DC301AEE6}"
EndProject
Project("{9A19103F-16F7-4668-BE54-9A1E7A4F7556}") = "RabbitMQ", "RabbitMQ\RabbitMQ.csproj", "{6A065538-3FB7-4CED-B49A-D6D5E5CFAB5E}"
EndProject
Project("{9A19103F-16F7-4668-BE54-9A1E7A4F7556}") = "WebApi", "WebApi\WebApi.csproj", "{30FFC7CF-9975-4248-AC87-42445D72A34E}"
EndProject
Project("{9A19103F-16F7-4668-BE54-9A1E7A4F7556}") = "MiHome", "MiHome\MiHome.csproj", "{318ED027-1D40-406E-A522-CCC0765A6441}"
EndProject
Project("{FAE04EC0-301F-11D3-BF4B-00C04F79EFBC}") = "TimerDelete", "TimerDelete\TimerDelete.csproj", "{5575CE54-7EB7-4D54-8BAC-DC5255A4568C}"
EndProject
Global
	GlobalSection(SolutionConfigurationPlatforms) = preSolution
		Debug|Any CPU = Debug|Any CPU
		Release|Any CPU = Release|Any CPU
	EndGlobalSection
	GlobalSection(ProjectConfigurationPlatforms) = postSolution
		{41AFB338-2540-4022-AC2F-92CB0F4BC92B}.Debug|Any CPU.ActiveCfg = Debug|Any CPU
		{41AFB338-2540-4022-AC2F-92CB0F4BC92B}.Debug|Any CPU.Build.0 = Debug|Any CPU
		{41AFB338-2540-4022-AC2F-92CB0F4BC92B}.Release|Any CPU.ActiveCfg = Release|Any CPU
		{41AFB338-2540-4022-AC2F-92CB0F4BC92B}.Release|Any CPU.Build.0 = Release|Any CPU
		{9BB0DCF9-6845-4BF0-85A7-C48A2A7E074B}.Debug|Any CPU.ActiveCfg = Debug|Any CPU
		{9BB0DCF9-6845-4BF0-85A7-C48A2A7E074B}.Debug|Any CPU.Build.0 = Debug|Any CPU
		{9BB0DCF9-6845-4BF0-85A7-C48A2A7E074B}.Release|Any CPU.ActiveCfg = Release|Any CPU
		{9BB0DCF9-6845-4BF0-85A7-C48A2A7E074B}.Release|Any CPU.Build.0 = Release|Any CPU
		{094CCCF9-FFCF-4B65-A83A-75A9956532B0}.Debug|Any CPU.ActiveCfg = Debug|Any CPU
		{094CCCF9-FFCF-4B65-A83A-75A9956532B0}.Debug|Any CPU.Build.0 = Debug|Any CPU
		{094CCCF9-FFCF-4B65-A83A-75A9956532B0}.Release|Any CPU.ActiveCfg = Release|Any CPU
		{094CCCF9-FFCF-4B65-A83A-75A9956532B0}.Release|Any CPU.Build.0 = Release|Any CPU
		{130735F4-8385-49BA-964C-0AD58743DAC4}.Debug|Any CPU.ActiveCfg = Debug|Any CPU
		{130735F4-8385-49BA-964C-0AD58743DAC4}.Debug|Any CPU.Build.0 = Debug|Any CPU
		{130735F4-8385-49BA-964C-0AD58743DAC4}.Release|Any CPU.ActiveCfg = Release|Any CPU
		{130735F4-8385-49BA-964C-0AD58743DAC4}.Release|Any CPU.Build.0 = Release|Any CPU
		{AF6F88D5-17FE-4FF7-B687-ACE6B178DA8D}.Debug|Any CPU.ActiveCfg = Debug|Any CPU
		{AF6F88D5-17FE-4FF7-B687-ACE6B178DA8D}.Debug|Any CPU.Build.0 = Debug|Any CPU
		{AF6F88D5-17FE-4FF7-B687-ACE6B178DA8D}.Release|Any CPU.ActiveCfg = Release|Any CPU
		{AF6F88D5-17FE-4FF7-B687-ACE6B178DA8D}.Release|Any CPU.Build.0 = Release|Any CPU
		{3E7B17F5-FF98-420C-B512-282B44230AD2}.Debug|Any CPU.ActiveCfg = Debug|Any CPU
		{3E7B17F5-FF98-420C-B512-282B44230AD2}.Debug|Any CPU.Build.0 = Debug|Any CPU
		{3E7B17F5-FF98-420C-B512-282B44230AD2}.Release|Any CPU.ActiveCfg = Release|Any CPU
		{3E7B17F5-FF98-420C-B512-282B44230AD2}.Release|Any CPU.Build.0 = Release|Any CPU
		{62564856-684F-447E-8293-DECE1CADF151}.Debug|Any CPU.ActiveCfg = Debug|Any CPU
		{62564856-684F-447E-8293-DECE1CADF151}.Debug|Any CPU.Build.0 = Debug|Any CPU
		{62564856-684F-447E-8293-DECE1CADF151}.Release|Any CPU.ActiveCfg = Release|Any CPU
		{62564856-684F-447E-8293-DECE1CADF151}.Release|Any CPU.Build.0 = Release|Any CPU
		{FA110B07-412E-4477-BF69-91B0E62C174C}.Debug|Any CPU.ActiveCfg = Debug|Any CPU
		{FA110B07-412E-4477-BF69-91B0E62C174C}.Debug|Any CPU.Build.0 = Debug|Any CPU
		{FA110B07-412E-4477-BF69-91B0E62C174C}.Release|Any CPU.ActiveCfg = Release|Any CPU
		{FA110B07-412E-4477-BF69-91B0E62C174C}.Release|Any CPU.Build.0 = Release|Any CPU
		{2E2564CC-7A98-46E8-9F42-DB3F16D76856}.Debug|Any CPU.ActiveCfg = Debug|Any CPU
		{2E2564CC-7A98-46E8-9F42-DB3F16D76856}.Debug|Any CPU.Build.0 = Debug|Any CPU
		{2E2564CC-7A98-46E8-9F42-DB3F16D76856}.Release|Any CPU.ActiveCfg = Release|Any CPU
		{2E2564CC-7A98-46E8-9F42-DB3F16D76856}.Release|Any CPU.Build.0 = Release|Any CPU
		{F9772FCD-D173-4CF2-9EC7-645DC301AEE6}.Debug|Any CPU.ActiveCfg = Debug|Any CPU
		{F9772FCD-D173-4CF2-9EC7-645DC301AEE6}.Debug|Any CPU.Build.0 = Debug|Any CPU
		{F9772FCD-D173-4CF2-9EC7-645DC301AEE6}.Release|Any CPU.ActiveCfg = Release|Any CPU
		{F9772FCD-D173-4CF2-9EC7-645DC301AEE6}.Release|Any CPU.Build.0 = Release|Any CPU
		{6A065538-3FB7-4CED-B49A-D6D5E5CFAB5E}.Debug|Any CPU.ActiveCfg = Debug|Any CPU
		{6A065538-3FB7-4CED-B49A-D6D5E5CFAB5E}.Debug|Any CPU.Build.0 = Debug|Any CPU
		{6A065538-3FB7-4CED-B49A-D6D5E5CFAB5E}.Release|Any CPU.ActiveCfg = Release|Any CPU
		{6A065538-3FB7-4CED-B49A-D6D5E5CFAB5E}.Release|Any CPU.Build.0 = Release|Any CPU
		{30FFC7CF-9975-4248-AC87-42445D72A34E}.Debug|Any CPU.ActiveCfg = Debug|Any CPU
		{30FFC7CF-9975-4248-AC87-42445D72A34E}.Debug|Any CPU.Build.0 = Debug|Any CPU
		{30FFC7CF-9975-4248-AC87-42445D72A34E}.Release|Any CPU.ActiveCfg = Release|Any CPU
		{30FFC7CF-9975-4248-AC87-42445D72A34E}.Release|Any CPU.Build.0 = Release|Any CPU
		{318ED027-1D40-406E-A522-CCC0765A6441}.Debug|Any CPU.ActiveCfg = Debug|Any CPU
		{318ED027-1D40-406E-A522-CCC0765A6441}.Debug|Any CPU.Build.0 = Debug|Any CPU
		{318ED027-1D40-406E-A522-CCC0765A6441}.Release|Any CPU.ActiveCfg = Release|Any CPU
		{318ED027-1D40-406E-A522-CCC0765A6441}.Release|Any CPU.Build.0 = Release|Any CPU
		{5575CE54-7EB7-4D54-8BAC-DC5255A4568C}.Debug|Any CPU.ActiveCfg = Debug|Any CPU
		{5575CE54-7EB7-4D54-8BAC-DC5255A4568C}.Debug|Any CPU.Build.0 = Debug|Any CPU
		{5575CE54-7EB7-4D54-8BAC-DC5255A4568C}.Release|Any CPU.ActiveCfg = Release|Any CPU
		{5575CE54-7EB7-4D54-8BAC-DC5255A4568C}.Release|Any CPU.Build.0 = Release|Any CPU
	EndGlobalSection
	GlobalSection(SolutionProperties) = preSolution
		HideSolutionNode = FALSE
	EndGlobalSection
	GlobalSection(ExtensibilityGlobals) = postSolution
		SolutionGuid = {A3A1CCD5-4CDF-4F8B-B224-0AA2C2BD84B9}
	EndGlobalSection
EndGlobal
